<?xml version="1.0" encoding="utf-8"?>
<Project ToolsVersion="4.0" xmlns="http://schemas.microsoft.com/developer/msbuild/2003">
  <ItemGroup>
    <Filter Include="Source Files">
      <UniqueIdentifier>{4FC737F1-C7A5-4376-A066-2A32D752A2FF}</UniqueIdentifier>
      <Extensions>cpp;c;cc;cxx;def;odl;idl;hpj;bat;asm;asmx</Extensions>
    </Filter>
    <Filter Include="Header Files">
      <UniqueIdentifier>{93995380-89BD-4b04-88EB-625FBE52EBFB}</UniqueIdentifier>
      <Extensions>h;hh;hpp;hxx;hm;inl;inc;xsd</Extensions>
    </Filter>
    <Filter Include="Resource Files">
      <UniqueIdentifier>{67DA6AB6-F800-4c08-8B7A-83BB121AAD01}</UniqueIdentifier>
      <Extensions>rc;ico;cur;bmp;dlg;rc2;rct;bin;rgs;gif;jpg;jpeg;jpe;resx;tiff;tif;png;wav;mfcribbon-ms</Extensions>
    </Filter>
  </ItemGroup>
  <ItemGroup>
    <ClInclude Include="stdafx.h">
      <Filter>Header Files</Filter>
    </ClInclude>
    <ClInclude Include="targetver.h">
      <Filter>Header Files</Filter>
    </ClInclude>
    <ClInclude Include="core\Exception.h">
      <Filter>Header Files</Filter>
    </ClInclude>
    <ClInclude Include="logger\Logger.h">
      <Filter>Header Files</Filter>
    </ClInclude>
    <ClInclude Include="net\MessageServer.h">
      <Filter>Header Files</Filter>
    </ClInclude>
    <ClInclude Include="net\TlsConnection.h">
      <Filter>Header Files</Filter>
    </ClInclude>
    <ClInclude Include="net\TlsContext.h">
      <Filter>Header Files</Filter>
    </ClInclude>
    <ClInclude Include="net\TlsContextImpl.h">
      <Filter>Header Files</Filter>
    </ClInclude>
    <ClInclude Include="net\TlsHandshaker.h">
      <Filter>Header Files</Filter>
    </ClInclude>
    <ClInclude Include="net\TlsListener.h">
      <Filter>Header Files</Filter>
    </ClInclude>
    <ClInclude Include="util\FileUtil.h">
      <Filter>Header Files</Filter>
    </ClInclude>
    <ClInclude Include="util\unique_shared_ptr.h">
      <Filter>Header Files</Filter>
    </ClInclude>
    <ClInclude Include="net\NetSession.h">
      <Filter>Header Files</Filter>
    </ClInclude>
    <ClInclude Include="util\Progress.h">
      <Filter>Header Files</Filter>
    </ClInclude>
    <ClInclude Include="http\StaticContentHandler.h">
      <Filter>Header Files</Filter>
    </ClInclude>
    <ClInclude Include="job\Manager.h">
      <Filter>Header Files</Filter>
    </ClInclude>
    <ClInclude Include="http\Handler.h">
      <Filter>Header Files</Filter>
    </ClInclude>
    <ClInclude Include="http\Server.h">
      <Filter>Header Files</Filter>
    </ClInclude>
    <ClInclude Include="job\Job.h">
      <Filter>Header Files</Filter>
    </ClInclude>
    <ClInclude Include="json\config.h">
      <Filter>Header Files</Filter>
    </ClInclude>
    <ClInclude Include="json\features.h">
      <Filter>Header Files</Filter>
    </ClInclude>
    <ClInclude Include="json\forwards.h">
      <Filter>Header Files</Filter>
    </ClInclude>
    <ClInclude Include="json\json.h">
      <Filter>Header Files</Filter>
    </ClInclude>
    <ClInclude Include="json\reader.h">
      <Filter>Header Files</Filter>
    </ClInclude>
    <ClInclude Include="json\value.h">
      <Filter>Header Files</Filter>
    </ClInclude>
    <ClInclude Include="json\writer.h">
      <Filter>Header Files</Filter>
    </ClInclude>
    <ClInclude Include="json\src\json_batchallocator.h">
      <Filter>Header Files</Filter>
    </ClInclude>
    <ClInclude Include="json\src\json_tool.h">
      <Filter>Header Files</Filter>
    </ClInclude>
    <ClInclude Include="job\SimpleJob.h">
      <Filter>Header Files</Filter>
    </ClInclude>
    <ClInclude Include="db\Database.h">
      <Filter>Header Files</Filter>
    </ClInclude>
    <ClInclude Include="net\detail\TypedHandler.h">
      <Filter>Header Files</Filter>
    </ClInclude>
    <ClInclude Include="http\GameCenterConnection.h">
      <Filter>Header Files</Filter>
    </ClInclude>
    <ClInclude Include="net\Future.h">
      <Filter>Header Files</Filter>
    </ClInclude>
    <ClInclude Include="util\cpuinfo.h">
      <Filter>Header Files</Filter>
    </ClInclude>
    <ClInclude Include="util\io_worker.h">
      <Filter>Header Files</Filter>
    </ClInclude>
    <ClInclude Include="http\Authorizer.h">
      <Filter>Header Files</Filter>
    </ClInclude>
    <ClInclude Include="http\Types.h">
      <Filter>Header Files</Filter>
    </ClInclude>
  </ItemGroup>
  <ItemGroup>
    <ClCompile Include="stdafx.cpp">
      <Filter>Source Files</Filter>
    </ClCompile>
    <ClCompile Include="core\Exception.cpp">
      <Filter>Source Files</Filter>
    </ClCompile>
    <ClCompile Include="logger\Logger.cpp">
      <Filter>Source Files</Filter>
    </ClCompile>
    <ClCompile Include="net\MessageServer.cpp">
      <Filter>Source Files</Filter>
    </ClCompile>
    <ClCompile Include="net\TlsConnection.cpp">
      <Filter>Source Files</Filter>
    </ClCompile>
    <ClCompile Include="net\TlsContext.cpp">
      <Filter>Source Files</Filter>
    </ClCompile>
    <ClCompile Include="net\TlsHandshaker.cpp">
      <Filter>Source Files</Filter>
    </ClCompile>
    <ClCompile Include="net\TlsListener.cpp">
      <Filter>Source Files</Filter>
    </ClCompile>
    <ClCompile Include="util\FileUtil.cpp">
      <Filter>Source Files</Filter>
    </ClCompile>
    <ClCompile Include="http\HttpServer.cpp">
      <Filter>Source Files</Filter>
    </ClCompile>
    <ClCompile Include="http\HttpHandler.cpp">
      <Filter>Source Files</Filter>
    </ClCompile>
    <ClCompile Include="http\StaticContentHandler.cpp">
      <Filter>Source Files</Filter>
    </ClCompile>
    <ClCompile Include="job\JobManager.cpp">
      <Filter>Source Files</Filter>
    </ClCompile>
    <ClCompile Include="json\src\json_reader.cpp">
      <Filter>Source Files</Filter>
    </ClCompile>
    <ClCompile Include="json\src\json_value.cpp">
      <Filter>Source Files</Filter>
    </ClCompile>
    <ClCompile Include="json\src\json_writer.cpp">
      <Filter>Source Files</Filter>
    </ClCompile>
    <ClCompile Include="db\Database.cpp">
      <Filter>Source Files</Filter>
    </ClCompile>
    <ClCompile Include="http\GameCenterConnection.cpp">
      <Filter>Source Files</Filter>
    </ClCompile>
    <ClCompile Include="net\Future.cpp">
      <Filter>Source Files</Filter>
    </ClCompile>
    <ClCompile Include="util\cpuinfo.cpp">
      <Filter>Source Files</Filter>
    </ClCompile>
    <ClCompile Include="util\io_worker.cpp">
      <Filter>Source Files</Filter>
    </ClCompile>
    <ClCompile Include="http\Authorizer.cpp">
      <Filter>Source Files</Filter>
    </ClCompile>
  </ItemGroup>
  <ItemGroup>
    <None Include="json\src\json_internalarray.inl">
      <Filter>Header Files</Filter>
    </None>
    <None Include="json\src\json_internalmap.inl">
      <Filter>Header Files</Filter>
    </None>
    <None Include="json\src\json_valueiterator.inl">
      <Filter>Header Files</Filter>
    </None>
  </ItemGroup>
</Project>