<?xml version="1.0" encoding="utf-8"?>
<Project ToolsVersion="4.0" xmlns="http://schemas.microsoft.com/developer/msbuild/2003">
  <ItemGroup>
    <Filter Include="Source Files">
      <UniqueIdentifier>{4FC737F1-C7A5-4376-A066-2A32D752A2FF}</UniqueIdentifier>
      <Extensions>cpp;c;cc;cxx;def;odl;idl;hpj;bat;asm;asmx</Extensions>
    </Filter>
    <Filter Include="Header Files">
      <UniqueIdentifier>{93995380-89BD-4b04-88EB-625FBE52EBFB}</UniqueIdentifier>
      <Extensions>h;hh;hpp;hxx;hm;inl;inc;xsd</Extensions>
    </Filter>
    <Filter Include="Resource Files">
      <UniqueIdentifier>{67DA6AB6-F800-4c08-8B7A-83BB121AAD01}</UniqueIdentifier>
      <Extensions>rc;ico;cur;bmp;dlg;rc2;rct;bin;rgs;gif;jpg;jpeg;jpe;resx;tiff;tif;png;wav;mfcribbon-ms</Extensions>
    </Filter>
  </ItemGroup>
  <ItemGroup>
    <ClInclude Include="stdafx.h">
      <Filter>Header Files</Filter>
    </ClInclude>
    <ClInclude Include="service\CommonClientServices.h">
      <Filter>Header Files</Filter>
    </ClInclude>
    <ClInclude Include="service\MasterServerConfig.h">
      <Filter>Header Files</Filter>
    </ClInclude>
    <ClInclude Include="service\GameAdminServices.h">
      <Filter>Header Files</Filter>
    </ClInclude>
    <ClInclude Include="service\LaunchGameJob.h">
      <Filter>Header Files</Filter>
    </ClInclude>
    <ClInclude Include="game\Game.h">
      <Filter>Header Files</Filter>
    </ClInclude>
    <ClInclude Include="game\PortManager.h">
      <Filter>Header Files</Filter>
    </ClInclude>
    <ClInclude Include="game\GameManager.h">
      <Filter>Header Files</Filter>
    </ClInclude>
    <ClInclude Include="service\UserManageServices.h">
      <Filter>Header Files</Filter>
    </ClInclude>
    <ClInclude Include="db\User.h">
      <Filter>Header Files</Filter>
    </ClInclude>
    <ClInclude Include="service\LoadGameServices.h">
      <Filter>Header Files</Filter>
    </ClInclude>
    <ClInclude Include="db\Level.h">
      <Filter>Header Files</Filter>
    </ClInclude>
    <ClInclude Include="db\LevelFileBlock.h">
      <Filter>Header Files</Filter>
    </ClInclude>
    <ClInclude Include="service\LevelServices.h">
      <Filter>Header Files</Filter>
    </ClInclude>
    <ClInclude Include="service\LevelUploadJob.h">
      <Filter>Header Files</Filter>
    </ClInclude>
    <ClInclude Include="service\TokenServices.h">
      <Filter>Header Files</Filter>
    </ClInclude>
    <ClInclude Include="db\Token.h">
      <Filter>Header Files</Filter>
    </ClInclude>
    <ClInclude Include="service\GameService.h">
      <Filter>Header Files</Filter>
    </ClInclude>
    <ClInclude Include="db\GameDB.h">
      <Filter>Header Files</Filter>
    </ClInclude>
    <ClInclude Include="db\Member.h">
      <Filter>Header Files</Filter>
    </ClInclude>
    <ClInclude Include="db\GameRecordDB.h">
      <Filter>Header Files</Filter>
    </ClInclude>
    <ClInclude Include="service\ItemServices.h">
      <Filter>Header Files</Filter>
    </ClInclude>
    <ClInclude Include="db\Equipment.h">
      <Filter>Header Files</Filter>
    </ClInclude>
    <ClInclude Include="db\Equip_list.h">
      <Filter>Header Files</Filter>
    </ClInclude>
    <ClInclude Include="db\GameHistoryDB.h">
      <Filter>Header Files</Filter>
    </ClInclude>
    <ClInclude Include="service\ScoreServices.h">
      <Filter>Header Files</Filter>
    </ClInclude>
    <ClInclude Include="service\ChildServerAdminServices.h">
      <Filter>Header Files</Filter>
    </ClInclude>
    <ClInclude Include="db\Equip_history.h">
      <Filter>Header Files</Filter>
    </ClInclude>
  </ItemGroup>
  <ItemGroup>
    <ClCompile Include="stdafx.cpp">
      <Filter>Source Files</Filter>
    </ClCompile>
    <ClCompile Include="master_server.cpp">
      <Filter>Source Files</Filter>
    </ClCompile>
    <ClCompile Include="service\CommonClientServices.cpp">
      <Filter>Source Files</Filter>
    </ClCompile>
    <ClCompile Include="service\GameAdminServices.cpp">
      <Filter>Source Files</Filter>
    </ClCompile>
    <ClCompile Include="service\LaunchGameJob.cpp">
      <Filter>Source Files</Filter>
    </ClCompile>
    <ClCompile Include="game\Game.cpp">
      <Filter>Source Files</Filter>
    </ClCompile>
    <ClCompile Include="game\PortManager.cpp">
      <Filter>Source Files</Filter>
    </ClCompile>
    <ClCompile Include="game\GameManager.cpp">
      <Filter>Source Files</Filter>
    </ClCompile>
    <ClCompile Include="service\UserManageServices.cpp">
      <Filter>Source Files</Filter>
    </ClCompile>
    <ClCompile Include="db\User.cpp">
      <Filter>Source Files</Filter>
    </ClCompile>
    <ClCompile Include="service\LoadGameServices.cpp">
      <Filter>Source Files</Filter>
    </ClCompile>
    <ClCompile Include="db\Level.cpp">
      <Filter>Source Files</Filter>
    </ClCompile>
    <ClCompile Include="db\LevelFileBlock.cpp">
      <Filter>Source Files</Filter>
    </ClCompile>
    <ClCompile Include="service\LevelUploadJob.cpp">
      <Filter>Source Files</Filter>
    </ClCompile>
    <ClCompile Include="service\LevelServices.cpp">
      <Filter>Source Files</Filter>
    </ClCompile>
    <ClCompile Include="service\TokenServices.cpp">
      <Filter>Source Files</Filter>
    </ClCompile>
    <ClCompile Include="db\Token.cpp">
      <Filter>Source Files</Filter>
    </ClCompile>
    <ClCompile Include="service\GameService.cpp">
      <Filter>Source Files</Filter>
    </ClCompile>
    <ClCompile Include="db\GameDB.cpp">
      <Filter>Source Files</Filter>
    </ClCompile>
    <ClCompile Include="db\Member.cpp">
      <Filter>Source Files</Filter>
    </ClCompile>
    <ClCompile Include="db\GameRecordDB.cpp">
      <Filter>Source Files</Filter>
    </ClCompile>
    <ClCompile Include="service\ItemServices.cpp">
      <Filter>Source Files</Filter>
    </ClCompile>
    <ClCompile Include="db\Equipment.cpp">
      <Filter>Source Files</Filter>
    </ClCompile>
    <ClCompile Include="db\GameHistoryDB.cpp">
      <Filter>Source Files</Filter>
    </ClCompile>
    <ClCompile Include="db\Equip_list.cpp">
      <Filter>Source Files</Filter>
    </ClCompile>
    <ClCompile Include="service\ScoreServices.cpp">
      <Filter>Source Files</Filter>
    </ClCompile>
    <ClCompile Include="service\ChildServerAdminServices.cpp">
      <Filter>Source Files</Filter>
    </ClCompile>
    <ClCompile Include="db\Equip_history.cpp">
      <Filter>Source Files</Filter>
    </ClCompile>
  </ItemGroup>
  <ItemGroup>
    <None Include="ClassDiagram.cd" />
    <None Include="master_server.db" />
  </ItemGroup>
  <ItemGroup>
    <Text Include="doc\Web Methods.txt" />
  </ItemGroup>
</Project>