<?xml version="1.0" encoding="utf-8"?>
<Project ToolsVersion="4.0" xmlns="http://schemas.microsoft.com/developer/msbuild/2003">
  <ItemGroup>
    <Filter Include="Source Files">
      <UniqueIdentifier>{4FC737F1-C7A5-4376-A066-2A32D752A2FF}</UniqueIdentifier>
      <Extensions>cpp;c;cc;cxx;def;odl;idl;hpj;bat;asm;asmx</Extensions>
    </Filter>
    <Filter Include="Header Files">
      <UniqueIdentifier>{93995380-89BD-4b04-88EB-625FBE52EBFB}</UniqueIdentifier>
      <Extensions>h;hh;hpp;hxx;hm;inl;inc;xsd</Extensions>
    </Filter>
    <Filter Include="Resource Files">
      <UniqueIdentifier>{67DA6AB6-F800-4c08-8B7A-83BB121AAD01}</UniqueIdentifier>
      <Extensions>rc;ico;cur;bmp;dlg;rc2;rct;bin;rgs;gif;jpg;jpeg;jpe;resx;tiff;tif;png;wav;mfcribbon-ms</Extensions>
    </Filter>
  </ItemGroup>
  <ItemGroup>
    <Text Include="ReadMe.txt" />
  </ItemGroup>
  <ItemGroup>
    <ClCompile Include="src\3way.cpp">
      <Filter>Source Files</Filter>
    </ClCompile>
    <ClCompile Include="src\adler32.cpp">
      <Filter>Source Files</Filter>
    </ClCompile>
    <ClCompile Include="src\algebra.cpp">
      <Filter>Source Files</Filter>
    </ClCompile>
    <ClCompile Include="src\algparam.cpp">
      <Filter>Source Files</Filter>
    </ClCompile>
    <ClCompile Include="src\arc4.cpp">
      <Filter>Source Files</Filter>
    </ClCompile>
    <ClCompile Include="src\asn.cpp">
      <Filter>Source Files</Filter>
    </ClCompile>
    <ClCompile Include="src\authenc.cpp">
      <Filter>Source Files</Filter>
    </ClCompile>
    <ClCompile Include="src\base32.cpp">
      <Filter>Source Files</Filter>
    </ClCompile>
    <ClCompile Include="src\base64.cpp">
      <Filter>Source Files</Filter>
    </ClCompile>
    <ClCompile Include="src\basecode.cpp">
      <Filter>Source Files</Filter>
    </ClCompile>
    <ClCompile Include="src\bfinit.cpp">
      <Filter>Source Files</Filter>
    </ClCompile>
    <ClCompile Include="src\blowfish.cpp">
      <Filter>Source Files</Filter>
    </ClCompile>
    <ClCompile Include="src\blumshub.cpp">
      <Filter>Source Files</Filter>
    </ClCompile>
    <ClCompile Include="src\camellia.cpp">
      <Filter>Source Files</Filter>
    </ClCompile>
    <ClCompile Include="src\cast.cpp">
      <Filter>Source Files</Filter>
    </ClCompile>
    <ClCompile Include="src\casts.cpp">
      <Filter>Source Files</Filter>
    </ClCompile>
    <ClCompile Include="src\cbcmac.cpp">
      <Filter>Source Files</Filter>
    </ClCompile>
    <ClCompile Include="src\ccm.cpp">
      <Filter>Source Files</Filter>
    </ClCompile>
    <ClCompile Include="src\channels.cpp">
      <Filter>Source Files</Filter>
    </ClCompile>
    <ClCompile Include="src\cmac.cpp">
      <Filter>Source Files</Filter>
    </ClCompile>
    <ClCompile Include="src\cpu.cpp">
      <Filter>Source Files</Filter>
    </ClCompile>
    <ClCompile Include="src\crc.cpp">
      <Filter>Source Files</Filter>
    </ClCompile>
    <ClCompile Include="src\cryptlib.cpp">
      <Filter>Source Files</Filter>
    </ClCompile>
    <ClCompile Include="src\cryptlib_bds.cpp">
      <Filter>Source Files</Filter>
    </ClCompile>
    <ClCompile Include="src\default.cpp">
      <Filter>Source Files</Filter>
    </ClCompile>
    <ClCompile Include="src\des.cpp">
      <Filter>Source Files</Filter>
    </ClCompile>
    <ClCompile Include="src\dessp.cpp">
      <Filter>Source Files</Filter>
    </ClCompile>
    <ClCompile Include="src\dh.cpp">
      <Filter>Source Files</Filter>
    </ClCompile>
    <ClCompile Include="src\dh2.cpp">
      <Filter>Source Files</Filter>
    </ClCompile>
    <ClCompile Include="src\dll.cpp">
      <Filter>Source Files</Filter>
    </ClCompile>
    <ClCompile Include="src\dsa.cpp">
      <Filter>Source Files</Filter>
    </ClCompile>
    <ClCompile Include="src\eax.cpp">
      <Filter>Source Files</Filter>
    </ClCompile>
    <ClCompile Include="src\ec2n.cpp">
      <Filter>Source Files</Filter>
    </ClCompile>
    <ClCompile Include="src\eccrypto.cpp">
      <Filter>Source Files</Filter>
    </ClCompile>
    <ClCompile Include="src\ecp.cpp">
      <Filter>Source Files</Filter>
    </ClCompile>
    <ClCompile Include="src\elgamal.cpp">
      <Filter>Source Files</Filter>
    </ClCompile>
    <ClCompile Include="src\emsa2.cpp">
      <Filter>Source Files</Filter>
    </ClCompile>
    <ClCompile Include="src\eprecomp.cpp">
      <Filter>Source Files</Filter>
    </ClCompile>
    <ClCompile Include="src\esign.cpp">
      <Filter>Source Files</Filter>
    </ClCompile>
    <ClCompile Include="src\files.cpp">
      <Filter>Source Files</Filter>
    </ClCompile>
    <ClCompile Include="src\filters.cpp">
      <Filter>Source Files</Filter>
    </ClCompile>
    <ClCompile Include="src\fips140.cpp">
      <Filter>Source Files</Filter>
    </ClCompile>
    <ClCompile Include="src\gcm.cpp">
      <Filter>Source Files</Filter>
    </ClCompile>
    <ClCompile Include="src\gf2_32.cpp">
      <Filter>Source Files</Filter>
    </ClCompile>
    <ClCompile Include="src\gf2n.cpp">
      <Filter>Source Files</Filter>
    </ClCompile>
    <ClCompile Include="src\gf256.cpp">
      <Filter>Source Files</Filter>
    </ClCompile>
    <ClCompile Include="src\gfpcrypt.cpp">
      <Filter>Source Files</Filter>
    </ClCompile>
    <ClCompile Include="src\gost.cpp">
      <Filter>Source Files</Filter>
    </ClCompile>
    <ClCompile Include="src\gzip.cpp">
      <Filter>Source Files</Filter>
    </ClCompile>
    <ClCompile Include="src\hex.cpp">
      <Filter>Source Files</Filter>
    </ClCompile>
    <ClCompile Include="src\hmac.cpp">
      <Filter>Source Files</Filter>
    </ClCompile>
    <ClCompile Include="src\hrtimer.cpp">
      <Filter>Source Files</Filter>
    </ClCompile>
    <ClCompile Include="src\ida.cpp">
      <Filter>Source Files</Filter>
    </ClCompile>
    <ClCompile Include="src\idea.cpp">
      <Filter>Source Files</Filter>
    </ClCompile>
    <ClCompile Include="src\integer.cpp">
      <Filter>Source Files</Filter>
    </ClCompile>
    <ClCompile Include="src\iterhash.cpp">
      <Filter>Source Files</Filter>
    </ClCompile>
    <ClCompile Include="src\luc.cpp">
      <Filter>Source Files</Filter>
    </ClCompile>
    <ClCompile Include="src\mars.cpp">
      <Filter>Source Files</Filter>
    </ClCompile>
    <ClCompile Include="src\marss.cpp">
      <Filter>Source Files</Filter>
    </ClCompile>
    <ClCompile Include="src\md2.cpp">
      <Filter>Source Files</Filter>
    </ClCompile>
    <ClCompile Include="src\md4.cpp">
      <Filter>Source Files</Filter>
    </ClCompile>
    <ClCompile Include="src\md5.cpp">
      <Filter>Source Files</Filter>
    </ClCompile>
    <ClCompile Include="src\misc.cpp">
      <Filter>Source Files</Filter>
    </ClCompile>
    <ClCompile Include="src\modes.cpp">
      <Filter>Source Files</Filter>
    </ClCompile>
    <ClCompile Include="src\mqueue.cpp">
      <Filter>Source Files</Filter>
    </ClCompile>
    <ClCompile Include="src\mqv.cpp">
      <Filter>Source Files</Filter>
    </ClCompile>
    <ClCompile Include="src\nbtheory.cpp">
      <Filter>Source Files</Filter>
    </ClCompile>
    <ClCompile Include="src\network.cpp">
      <Filter>Source Files</Filter>
    </ClCompile>
    <ClCompile Include="src\oaep.cpp">
      <Filter>Source Files</Filter>
    </ClCompile>
    <ClCompile Include="src\osrng.cpp">
      <Filter>Source Files</Filter>
    </ClCompile>
    <ClCompile Include="src\panama.cpp">
      <Filter>Source Files</Filter>
    </ClCompile>
    <ClCompile Include="src\pch.cpp">
      <Filter>Source Files</Filter>
    </ClCompile>
    <ClCompile Include="src\pkcspad.cpp">
      <Filter>Source Files</Filter>
    </ClCompile>
    <ClCompile Include="src\polynomi.cpp">
      <Filter>Source Files</Filter>
    </ClCompile>
    <ClCompile Include="src\pssr.cpp">
      <Filter>Source Files</Filter>
    </ClCompile>
    <ClCompile Include="src\pubkey.cpp">
      <Filter>Source Files</Filter>
    </ClCompile>
    <ClCompile Include="src\queue.cpp">
      <Filter>Source Files</Filter>
    </ClCompile>
    <ClCompile Include="src\rabin.cpp">
      <Filter>Source Files</Filter>
    </ClCompile>
    <ClCompile Include="src\randpool.cpp">
      <Filter>Source Files</Filter>
    </ClCompile>
    <ClCompile Include="src\rc2.cpp">
      <Filter>Source Files</Filter>
    </ClCompile>
    <ClCompile Include="src\rc5.cpp">
      <Filter>Source Files</Filter>
    </ClCompile>
    <ClCompile Include="src\rc6.cpp">
      <Filter>Source Files</Filter>
    </ClCompile>
    <ClCompile Include="src\rdtables.cpp">
      <Filter>Source Files</Filter>
    </ClCompile>
    <ClCompile Include="src\rijndael.cpp">
      <Filter>Source Files</Filter>
    </ClCompile>
    <ClCompile Include="src\ripemd.cpp">
      <Filter>Source Files</Filter>
    </ClCompile>
    <ClCompile Include="src\rng.cpp">
      <Filter>Source Files</Filter>
    </ClCompile>
    <ClCompile Include="src\rsa.cpp">
      <Filter>Source Files</Filter>
    </ClCompile>
    <ClCompile Include="src\rw.cpp">
      <Filter>Source Files</Filter>
    </ClCompile>
    <ClCompile Include="src\safer.cpp">
      <Filter>Source Files</Filter>
    </ClCompile>
    <ClCompile Include="src\salsa.cpp">
      <Filter>Source Files</Filter>
    </ClCompile>
    <ClCompile Include="src\seal.cpp">
      <Filter>Source Files</Filter>
    </ClCompile>
    <ClCompile Include="src\seed.cpp">
      <Filter>Source Files</Filter>
    </ClCompile>
    <ClCompile Include="src\serpent.cpp">
      <Filter>Source Files</Filter>
    </ClCompile>
    <ClCompile Include="src\sha.cpp">
      <Filter>Source Files</Filter>
    </ClCompile>
    <ClCompile Include="src\sha3.cpp">
      <Filter>Source Files</Filter>
    </ClCompile>
    <ClCompile Include="src\shacal2.cpp">
      <Filter>Source Files</Filter>
    </ClCompile>
    <ClCompile Include="src\shark.cpp">
      <Filter>Source Files</Filter>
    </ClCompile>
    <ClCompile Include="src\sharkbox.cpp">
      <Filter>Source Files</Filter>
    </ClCompile>
    <ClCompile Include="src\simple.cpp">
      <Filter>Source Files</Filter>
    </ClCompile>
    <ClCompile Include="src\skipjack.cpp">
      <Filter>Source Files</Filter>
    </ClCompile>
    <ClCompile Include="src\sosemanuk.cpp">
      <Filter>Source Files</Filter>
    </ClCompile>
    <ClCompile Include="src\square.cpp">
      <Filter>Source Files</Filter>
    </ClCompile>
    <ClCompile Include="src\squaretb.cpp">
      <Filter>Source Files</Filter>
    </ClCompile>
    <ClCompile Include="src\strciphr.cpp">
      <Filter>Source Files</Filter>
    </ClCompile>
    <ClCompile Include="src\tea.cpp">
      <Filter>Source Files</Filter>
    </ClCompile>
    <ClCompile Include="src\tftables.cpp">
      <Filter>Source Files</Filter>
    </ClCompile>
    <ClCompile Include="src\tiger.cpp">
      <Filter>Source Files</Filter>
    </ClCompile>
    <ClCompile Include="src\tigertab.cpp">
      <Filter>Source Files</Filter>
    </ClCompile>
    <ClCompile Include="src\trdlocal.cpp">
      <Filter>Source Files</Filter>
    </ClCompile>
    <ClCompile Include="src\ttmac.cpp">
      <Filter>Source Files</Filter>
    </ClCompile>
    <ClCompile Include="src\twofish.cpp">
      <Filter>Source Files</Filter>
    </ClCompile>
    <ClCompile Include="src\vmac.cpp">
      <Filter>Source Files</Filter>
    </ClCompile>
    <ClCompile Include="src\wait.cpp">
      <Filter>Source Files</Filter>
    </ClCompile>
    <ClCompile Include="src\wake.cpp">
      <Filter>Source Files</Filter>
    </ClCompile>
    <ClCompile Include="src\whrlpool.cpp">
      <Filter>Source Files</Filter>
    </ClCompile>
    <ClCompile Include="src\winpipes.cpp">
      <Filter>Source Files</Filter>
    </ClCompile>
    <ClCompile Include="src\xtr.cpp">
      <Filter>Source Files</Filter>
    </ClCompile>
    <ClCompile Include="src\xtrcrypt.cpp">
      <Filter>Source Files</Filter>
    </ClCompile>
    <ClCompile Include="src\zdeflate.cpp">
      <Filter>Source Files</Filter>
    </ClCompile>
    <ClCompile Include="src\zinflate.cpp">
      <Filter>Source Files</Filter>
    </ClCompile>
    <ClCompile Include="src\zlib.cpp">
      <Filter>Source Files</Filter>
    </ClCompile>
  </ItemGroup>
  <ItemGroup>
    <ClInclude Include="CryptoPP\3way.h">
      <Filter>Header Files</Filter>
    </ClInclude>
    <ClInclude Include="CryptoPP\adler32.h">
      <Filter>Header Files</Filter>
    </ClInclude>
    <ClInclude Include="CryptoPP\aes.h">
      <Filter>Header Files</Filter>
    </ClInclude>
    <ClInclude Include="CryptoPP\algebra.h">
      <Filter>Header Files</Filter>
    </ClInclude>
    <ClInclude Include="CryptoPP\algparam.h">
      <Filter>Header Files</Filter>
    </ClInclude>
    <ClInclude Include="CryptoPP\arc4.h">
      <Filter>Header Files</Filter>
    </ClInclude>
    <ClInclude Include="CryptoPP\argnames.h">
      <Filter>Header Files</Filter>
    </ClInclude>
    <ClInclude Include="CryptoPP\asn.h">
      <Filter>Header Files</Filter>
    </ClInclude>
    <ClInclude Include="CryptoPP\authenc.h">
      <Filter>Header Files</Filter>
    </ClInclude>
    <ClInclude Include="CryptoPP\base32.h">
      <Filter>Header Files</Filter>
    </ClInclude>
    <ClInclude Include="CryptoPP\base64.h">
      <Filter>Header Files</Filter>
    </ClInclude>
    <ClInclude Include="CryptoPP\basecode.h">
      <Filter>Header Files</Filter>
    </ClInclude>
    <ClInclude Include="CryptoPP\blowfish.h">
      <Filter>Header Files</Filter>
    </ClInclude>
    <ClInclude Include="CryptoPP\blumshub.h">
      <Filter>Header Files</Filter>
    </ClInclude>
    <ClInclude Include="CryptoPP\camellia.h">
      <Filter>Header Files</Filter>
    </ClInclude>
    <ClInclude Include="CryptoPP\cast.h">
      <Filter>Header Files</Filter>
    </ClInclude>
    <ClInclude Include="CryptoPP\cbcmac.h">
      <Filter>Header Files</Filter>
    </ClInclude>
    <ClInclude Include="CryptoPP\ccm.h">
      <Filter>Header Files</Filter>
    </ClInclude>
    <ClInclude Include="CryptoPP\channels.h">
      <Filter>Header Files</Filter>
    </ClInclude>
    <ClInclude Include="CryptoPP\cmac.h">
      <Filter>Header Files</Filter>
    </ClInclude>
    <ClInclude Include="CryptoPP\config.h">
      <Filter>Header Files</Filter>
    </ClInclude>
    <ClInclude Include="CryptoPP\cpu.h">
      <Filter>Header Files</Filter>
    </ClInclude>
    <ClInclude Include="CryptoPP\crc.h">
      <Filter>Header Files</Filter>
    </ClInclude>
    <ClInclude Include="CryptoPP\cryptlib.h">
      <Filter>Header Files</Filter>
    </ClInclude>
    <ClInclude Include="CryptoPP\default.h">
      <Filter>Header Files</Filter>
    </ClInclude>
    <ClInclude Include="CryptoPP\des.h">
      <Filter>Header Files</Filter>
    </ClInclude>
    <ClInclude Include="CryptoPP\dh.h">
      <Filter>Header Files</Filter>
    </ClInclude>
    <ClInclude Include="CryptoPP\dh2.h">
      <Filter>Header Files</Filter>
    </ClInclude>
    <ClInclude Include="CryptoPP\dll.h">
      <Filter>Header Files</Filter>
    </ClInclude>
    <ClInclude Include="CryptoPP\dmac.h">
      <Filter>Header Files</Filter>
    </ClInclude>
    <ClInclude Include="CryptoPP\dsa.h">
      <Filter>Header Files</Filter>
    </ClInclude>
    <ClInclude Include="CryptoPP\eax.h">
      <Filter>Header Files</Filter>
    </ClInclude>
    <ClInclude Include="CryptoPP\ec2n.h">
      <Filter>Header Files</Filter>
    </ClInclude>
    <ClInclude Include="CryptoPP\eccrypto.h">
      <Filter>Header Files</Filter>
    </ClInclude>
    <ClInclude Include="CryptoPP\ecp.h">
      <Filter>Header Files</Filter>
    </ClInclude>
    <ClInclude Include="CryptoPP\elgamal.h">
      <Filter>Header Files</Filter>
    </ClInclude>
    <ClInclude Include="CryptoPP\emsa2.h">
      <Filter>Header Files</Filter>
    </ClInclude>
    <ClInclude Include="CryptoPP\eprecomp.h">
      <Filter>Header Files</Filter>
    </ClInclude>
    <ClInclude Include="CryptoPP\esign.h">
      <Filter>Header Files</Filter>
    </ClInclude>
    <ClInclude Include="CryptoPP\factory.h">
      <Filter>Header Files</Filter>
    </ClInclude>
    <ClInclude Include="CryptoPP\files.h">
      <Filter>Header Files</Filter>
    </ClInclude>
    <ClInclude Include="CryptoPP\filters.h">
      <Filter>Header Files</Filter>
    </ClInclude>
    <ClInclude Include="CryptoPP\fips140.h">
      <Filter>Header Files</Filter>
    </ClInclude>
    <ClInclude Include="CryptoPP\fltrimpl.h">
      <Filter>Header Files</Filter>
    </ClInclude>
    <ClInclude Include="CryptoPP\gcm.h">
      <Filter>Header Files</Filter>
    </ClInclude>
    <ClInclude Include="CryptoPP\gf2_32.h">
      <Filter>Header Files</Filter>
    </ClInclude>
    <ClInclude Include="CryptoPP\gf2n.h">
      <Filter>Header Files</Filter>
    </ClInclude>
    <ClInclude Include="CryptoPP\gf256.h">
      <Filter>Header Files</Filter>
    </ClInclude>
    <ClInclude Include="CryptoPP\gfpcrypt.h">
      <Filter>Header Files</Filter>
    </ClInclude>
    <ClInclude Include="CryptoPP\gost.h">
      <Filter>Header Files</Filter>
    </ClInclude>
    <ClInclude Include="CryptoPP\gzip.h">
      <Filter>Header Files</Filter>
    </ClInclude>
    <ClInclude Include="CryptoPP\hex.h">
      <Filter>Header Files</Filter>
    </ClInclude>
    <ClInclude Include="CryptoPP\hmac.h">
      <Filter>Header Files</Filter>
    </ClInclude>
    <ClInclude Include="CryptoPP\hrtimer.h">
      <Filter>Header Files</Filter>
    </ClInclude>
    <ClInclude Include="CryptoPP\ida.h">
      <Filter>Header Files</Filter>
    </ClInclude>
    <ClInclude Include="CryptoPP\idea.h">
      <Filter>Header Files</Filter>
    </ClInclude>
    <ClInclude Include="CryptoPP\integer.h">
      <Filter>Header Files</Filter>
    </ClInclude>
    <ClInclude Include="CryptoPP\iterhash.h">
      <Filter>Header Files</Filter>
    </ClInclude>
    <ClInclude Include="CryptoPP\lubyrack.h">
      <Filter>Header Files</Filter>
    </ClInclude>
    <ClInclude Include="CryptoPP\luc.h">
      <Filter>Header Files</Filter>
    </ClInclude>
    <ClInclude Include="CryptoPP\mars.h">
      <Filter>Header Files</Filter>
    </ClInclude>
    <ClInclude Include="CryptoPP\md2.h">
      <Filter>Header Files</Filter>
    </ClInclude>
    <ClInclude Include="CryptoPP\md4.h">
      <Filter>Header Files</Filter>
    </ClInclude>
    <ClInclude Include="CryptoPP\md5.h">
      <Filter>Header Files</Filter>
    </ClInclude>
    <ClInclude Include="CryptoPP\mdc.h">
      <Filter>Header Files</Filter>
    </ClInclude>
    <ClInclude Include="CryptoPP\misc.h">
      <Filter>Header Files</Filter>
    </ClInclude>
    <ClInclude Include="CryptoPP\modarith.h">
      <Filter>Header Files</Filter>
    </ClInclude>
    <ClInclude Include="CryptoPP\modes.h">
      <Filter>Header Files</Filter>
    </ClInclude>
    <ClInclude Include="CryptoPP\modexppc.h">
      <Filter>Header Files</Filter>
    </ClInclude>
    <ClInclude Include="CryptoPP\mqueue.h">
      <Filter>Header Files</Filter>
    </ClInclude>
    <ClInclude Include="CryptoPP\mqv.h">
      <Filter>Header Files</Filter>
    </ClInclude>
    <ClInclude Include="CryptoPP\nbtheory.h">
      <Filter>Header Files</Filter>
    </ClInclude>
    <ClInclude Include="CryptoPP\network.h">
      <Filter>Header Files</Filter>
    </ClInclude>
    <ClInclude Include="CryptoPP\nr.h">
      <Filter>Header Files</Filter>
    </ClInclude>
    <ClInclude Include="CryptoPP\oaep.h">
      <Filter>Header Files</Filter>
    </ClInclude>
    <ClInclude Include="CryptoPP\oids.h">
      <Filter>Header Files</Filter>
    </ClInclude>
    <ClInclude Include="CryptoPP\osrng.h">
      <Filter>Header Files</Filter>
    </ClInclude>
    <ClInclude Include="CryptoPP\panama.h">
      <Filter>Header Files</Filter>
    </ClInclude>
    <ClInclude Include="CryptoPP\pch.h">
      <Filter>Header Files</Filter>
    </ClInclude>
    <ClInclude Include="CryptoPP\pkcspad.h">
      <Filter>Header Files</Filter>
    </ClInclude>
    <ClInclude Include="CryptoPP\polynomi.h">
      <Filter>Header Files</Filter>
    </ClInclude>
    <ClInclude Include="CryptoPP\pssr.h">
      <Filter>Header Files</Filter>
    </ClInclude>
    <ClInclude Include="CryptoPP\pubkey.h">
      <Filter>Header Files</Filter>
    </ClInclude>
    <ClInclude Include="CryptoPP\pwdbased.h">
      <Filter>Header Files</Filter>
    </ClInclude>
    <ClInclude Include="CryptoPP\queue.h">
      <Filter>Header Files</Filter>
    </ClInclude>
    <ClInclude Include="CryptoPP\rabin.h">
      <Filter>Header Files</Filter>
    </ClInclude>
    <ClInclude Include="CryptoPP\randpool.h">
      <Filter>Header Files</Filter>
    </ClInclude>
    <ClInclude Include="CryptoPP\rc2.h">
      <Filter>Header Files</Filter>
    </ClInclude>
    <ClInclude Include="CryptoPP\rc5.h">
      <Filter>Header Files</Filter>
    </ClInclude>
    <ClInclude Include="CryptoPP\rc6.h">
      <Filter>Header Files</Filter>
    </ClInclude>
    <ClInclude Include="CryptoPP\resource.h">
      <Filter>Header Files</Filter>
    </ClInclude>
    <ClInclude Include="CryptoPP\rijndael.h">
      <Filter>Header Files</Filter>
    </ClInclude>
    <ClInclude Include="CryptoPP\ripemd.h">
      <Filter>Header Files</Filter>
    </ClInclude>
    <ClInclude Include="CryptoPP\rng.h">
      <Filter>Header Files</Filter>
    </ClInclude>
    <ClInclude Include="CryptoPP\rsa.h">
      <Filter>Header Files</Filter>
    </ClInclude>
    <ClInclude Include="CryptoPP\rw.h">
      <Filter>Header Files</Filter>
    </ClInclude>
    <ClInclude Include="CryptoPP\safer.h">
      <Filter>Header Files</Filter>
    </ClInclude>
    <ClInclude Include="CryptoPP\salsa.h">
      <Filter>Header Files</Filter>
    </ClInclude>
    <ClInclude Include="CryptoPP\seal.h">
      <Filter>Header Files</Filter>
    </ClInclude>
    <ClInclude Include="CryptoPP\secblock.h">
      <Filter>Header Files</Filter>
    </ClInclude>
    <ClInclude Include="CryptoPP\seckey.h">
      <Filter>Header Files</Filter>
    </ClInclude>
    <ClInclude Include="CryptoPP\seed.h">
      <Filter>Header Files</Filter>
    </ClInclude>
    <ClInclude Include="CryptoPP\serpent.h">
      <Filter>Header Files</Filter>
    </ClInclude>
    <ClInclude Include="CryptoPP\serpentp.h">
      <Filter>Header Files</Filter>
    </ClInclude>
    <ClInclude Include="CryptoPP\sha.h">
      <Filter>Header Files</Filter>
    </ClInclude>
    <ClInclude Include="CryptoPP\sha3.h">
      <Filter>Header Files</Filter>
    </ClInclude>
    <ClInclude Include="CryptoPP\shacal2.h">
      <Filter>Header Files</Filter>
    </ClInclude>
    <ClInclude Include="CryptoPP\shark.h">
      <Filter>Header Files</Filter>
    </ClInclude>
    <ClInclude Include="CryptoPP\simple.h">
      <Filter>Header Files</Filter>
    </ClInclude>
    <ClInclude Include="CryptoPP\skipjack.h">
      <Filter>Header Files</Filter>
    </ClInclude>
    <ClInclude Include="CryptoPP\smartptr.h">
      <Filter>Header Files</Filter>
    </ClInclude>
    <ClInclude Include="CryptoPP\sosemanuk.h">
      <Filter>Header Files</Filter>
    </ClInclude>
    <ClInclude Include="CryptoPP\square.h">
      <Filter>Header Files</Filter>
    </ClInclude>
    <ClInclude Include="CryptoPP\stdcpp.h">
      <Filter>Header Files</Filter>
    </ClInclude>
    <ClInclude Include="CryptoPP\strciphr.h">
      <Filter>Header Files</Filter>
    </ClInclude>
    <ClInclude Include="CryptoPP\tea.h">
      <Filter>Header Files</Filter>
    </ClInclude>
    <ClInclude Include="CryptoPP\tiger.h">
      <Filter>Header Files</Filter>
    </ClInclude>
    <ClInclude Include="CryptoPP\trdlocal.h">
      <Filter>Header Files</Filter>
    </ClInclude>
    <ClInclude Include="CryptoPP\trunhash.h">
      <Filter>Header Files</Filter>
    </ClInclude>
    <ClInclude Include="CryptoPP\ttmac.h">
      <Filter>Header Files</Filter>
    </ClInclude>
    <ClInclude Include="CryptoPP\twofish.h">
      <Filter>Header Files</Filter>
    </ClInclude>
    <ClInclude Include="CryptoPP\vmac.h">
      <Filter>Header Files</Filter>
    </ClInclude>
    <ClInclude Include="CryptoPP\wait.h">
      <Filter>Header Files</Filter>
    </ClInclude>
    <ClInclude Include="CryptoPP\wake.h">
      <Filter>Header Files</Filter>
    </ClInclude>
    <ClInclude Include="CryptoPP\whrlpool.h">
      <Filter>Header Files</Filter>
    </ClInclude>
    <ClInclude Include="CryptoPP\winpipes.h">
      <Filter>Header Files</Filter>
    </ClInclude>
    <ClInclude Include="CryptoPP\words.h">
      <Filter>Header Files</Filter>
    </ClInclude>
    <ClInclude Include="CryptoPP\xtr.h">
      <Filter>Header Files</Filter>
    </ClInclude>
    <ClInclude Include="CryptoPP\xtrcrypt.h">
      <Filter>Header Files</Filter>
    </ClInclude>
    <ClInclude Include="CryptoPP\zdeflate.h">
      <Filter>Header Files</Filter>
    </ClInclude>
    <ClInclude Include="CryptoPP\zinflate.h">
      <Filter>Header Files</Filter>
    </ClInclude>
    <ClInclude Include="CryptoPP\zlib.h">
      <Filter>Header Files</Filter>
    </ClInclude>
  </ItemGroup>
  <ItemGroup>
    <None Include="src\x64dll.asm">
      <Filter>Source Files</Filter>
    </None>
    <None Include="src\x64masm.asm">
      <Filter>Source Files</Filter>
    </None>
  </ItemGroup>
</Project>